# @generated - this file is auto-generated by `mise lock` https://mise.en.dev/dev-tools/mise-lock.html

[[tools.go]]
version = "1.27.2"
backend = "core:go"

[tools.go."platforms.linux-arm64"]
checksum = "sha256:94f3e30b8e374bc285e7dadc11e0865726b9bc6e85b841ccceaabc0214c6b7c8"
url = "https://dl.google.com/go/go1.27.2.linux-arm64.tar.gz"

[tools.go."platforms.linux-arm64-musl"]
checksum = "sha256:94f3e30b8e374bc285e7dadc11e0865726b9bc6e85b841ccceaabc0214c6b7c8"
url = "https://dl.google.com/go/go1.27.2.linux-arm64.tar.gz"

[tools.go."platforms.linux-x64"]
checksum = "sha256:ecbadb99091a3f46e31f5f934b068b1864eafa7995211b39eaddf76996045fe5"
url = "https://dl.google.com/go/go1.27.2.linux-amd64.tar.gz"

[tools.go."platforms.linux-x64-musl"]
checksum = "sha256:ecbadb99091a3f46e31f5f934b068b1864eafa7995211b39eaddf76996045fe5"
url = "https://dl.google.com/go/go1.27.2.linux-amd64.tar.gz"

[tools.go."platforms.macos-arm64"]
checksum = "sha256:76812b213b1b2302c978d28fa52fa92d541704b9e7d9d5db8002c50e4018c4c5"
url = "https://dl.google.com/go/go1.27.2.darwin-arm64.tar.gz"

[tools.go."platforms.macos-x64"]
checksum = "sha256:587b59182488b23aa6e5fc25110405a3e0e5b38ed2f5b2f46ed13c32aee356fe"
url = "https://dl.google.com/go/go1.27.2.darwin-amd64.tar.gz"

[tools.go."platforms.windows-x64"]
checksum = "sha256:1314008898bd40df77af4b014f777f08873dbdfbcd3d92308728ee03304fe04f"
url = "https://dl.google.com/go/go1.27.2.windows-amd64.zip"

[[tools."go:golang.org/x/exp/cmd/gorelease"]]
version = "0.0.0-20260603202125-055de637280b"
backend = "go:golang.org/x/exp/cmd/gorelease"

[[tools.golangci-lint]]
version = "2.14.0"
backend = "aqua:golangci/golangci-lint"

[tools.golangci-lint."platforms.linux-arm64"]
checksum = "sha256:ee7ec5f3453d15ddf106fae5a4d6c71737712348a979d1fe9cd52ec7ea299bae"
url = "https://github.com/golangci/golangci-lint/releases/download/v2.14.0/golangci-lint-2.14.0-linux-arm64.tar.gz"
url_api = "https://api.github.com/repos/golangci/golangci-lint/releases/assets/585813674"
provenance = "github-attestations"

[tools.golangci-lint."platforms.linux-arm64-musl"]
checksum = "sha256:ee7ec5f3453d15ddf106fae5a4d6c71737712348a979d1fe9cd52ec7ea299bae"
url = "https://github.com/golangci/golangci-lint/releases/download/v2.14.0/golangci-lint-2.14.0-linux-arm64.tar.gz"
url_api = "https://api.github.com/repos/golangci/golangci-lint/releases/assets/585813674"
provenance = "github-attestations"

[tools.golangci-lint."platforms.linux-x64"]
checksum = "sha256:ab90aeb7b066f92a33415b638a50fe5344bbb75a0d32ad30cc248d88f81032ab"
url = "https://github.com/golangci/golangci-lint/releases/download/v2.14.0/golangci-lint-2.14.0-linux-amd64.tar.gz"
url_api = "https://api.github.com/repos/golangci/golangci-lint/releases/assets/585813815"
provenance = "github-attestations"

[tools.golangci-lint."platforms.linux-x64-musl"]
checksum = "sha256:ab90aeb7b066f92a33415b638a50fe5344bbb75a0d32ad30cc248d88f81032ab"
url = "https://github.com/golangci/golangci-lint/releases/download/v2.14.0/golangci-lint-2.14.0-linux-amd64.tar.gz"
url_api = "https://api.github.com/repos/golangci/golangci-lint/releases/assets/585813815"
provenance = "github-attestations"

[tools.golangci-lint."platforms.macos-arm64"]
checksum = "sha256:5ef5f36a7147e91dc58ef9ef4d11bb7bad5ead0c76eb6c01327a73c641d1dcc3"
url = "https://github.com/golangci/golangci-lint/releases/download/v2.14.0/golangci-lint-2.14.0-darwin-arm64.tar.gz"
url_api = "https://api.github.com/repos/golangci/golangci-lint/releases/assets/585813591"
provenance = "github-attestations"

[tools.golangci-lint."platforms.macos-x64"]
checksum = "sha256:a5667c1c3536be1740133213e1e822bfb8f0d98ea12903174d6d5f635e4ed68d"
url = "https://github.com/golangci/golangci-lint/releases/download/v2.14.0/golangci-lint-2.14.0-darwin-amd64.tar.gz"
url_api = "https://api.github.com/repos/golangci/golangci-lint/releases/assets/585813755"
provenance = "github-attestations"

[tools.golangci-lint."platforms.windows-x64"]
checksum = "sha256:b15f903d1649283a2ab6e8d2f0c317eaf1f9f6b3763950e7e8b7e72a43dd724f"
url = "https://github.com/golangci/golangci-lint/releases/download/v2.14.0/golangci-lint-2.14.0-windows-amd64.zip"
url_api = "https://api.github.com/repos/golangci/golangci-lint/releases/assets/585813793"
provenance = "github-attestations"

[[tools.goreleaser]]
version = "2.18.3"
backend = "aqua:goreleaser/goreleaser"

[tools.goreleaser."platforms.linux-arm64"]
checksum = "sha256:fa7011a7f8de3b504326b8552cf21c708ed3089519b01d372da32ef4e8d298d7"
url = "https://github.com/goreleaser/goreleaser/releases/download/v2.18.3/goreleaser_Linux_arm64.tar.gz"
url_api = "https://api.github.com/repos/goreleaser/goreleaser/releases/assets/623773317"
provenance = "github-attestations"

[tools.goreleaser."platforms.linux-arm64-musl"]
checksum = "sha256:fa7011a7f8de3b504326b8552cf21c708ed3089519b01d372da32ef4e8d298d7"
url = "https://github.com/goreleaser/goreleaser/releases/download/v2.18.3/goreleaser_Linux_arm64.tar.gz"
url_api = "https://api.github.com/repos/goreleaser/goreleaser/releases/assets/623773317"
provenance = "github-attestations"

[tools.goreleaser."platforms.linux-x64"]
checksum = "sha256:b8dee4728bca1aba0d71a832a17cd0a3799f75372878e7ffa36aef2343bce0bc"
url = "https://github.com/goreleaser/goreleaser/releases/download/v2.18.3/goreleaser_Linux_x86_64.tar.gz"
url_api = "https://api.github.com/repos/goreleaser/goreleaser/releases/assets/623773318"
provenance = "github-attestations"

[tools.goreleaser."platforms.linux-x64-musl"]
checksum = "sha256:b8dee4728bca1aba0d71a832a17cd0a3799f75372878e7ffa36aef2343bce0bc"
url = "https://github.com/goreleaser/goreleaser/releases/download/v2.18.3/goreleaser_Linux_x86_64.tar.gz"
url_api = "https://api.github.com/repos/goreleaser/goreleaser/releases/assets/623773318"
provenance = "github-attestations"

[tools.goreleaser."platforms.macos-arm64"]
checksum = "sha256:156f425536d40ce282b79c637ca00eb943792de6ad1e2482a4b21cc4b5421f4f"
url = "https://github.com/goreleaser/goreleaser/releases/download/v2.18.3/goreleaser_Darwin_all.tar.gz"
url_api = "https://api.github.com/repos/goreleaser/goreleaser/releases/assets/623773494"
provenance = "github-attestations"

[tools.goreleaser."platforms.macos-x64"]
checksum = "sha256:156f425536d40ce282b79c637ca00eb943792de6ad1e2482a4b21cc4b5421f4f"
url = "https://github.com/goreleaser/goreleaser/releases/download/v2.18.3/goreleaser_Darwin_all.tar.gz"
url_api = "https://api.github.com/repos/goreleaser/goreleaser/releases/assets/623773494"
provenance = "github-attestations"

[tools.goreleaser."platforms.windows-x64"]
checksum = "sha256:5e7455df2accbfe69416cf9ccbc6aefe9abd2543525d5d6da24426d827aa8171"
url = "https://github.com/goreleaser/goreleaser/releases/download/v2.18.3/goreleaser_Windows_x86_64.zip"
url_api = "https://api.github.com/repos/goreleaser/goreleaser/releases/assets/623773506"
provenance = "github-attestations"

[[tools.gotestsum]]
version = "1.13.0"
backend = "aqua:gotestyourself/gotestsum"

[tools.gotestsum."platforms.linux-arm64"]
checksum = "sha256:7644a4c5cd1bb978d56245aeab25a586ac5ac62adebed20a399548867c13499d"
url = "https://github.com/gotestyourself/gotestsum/releases/download/v1.13.0/gotestsum_1.13.0_linux_arm64.tar.gz"
url_api = "https://api.github.com/repos/gotestyourself/gotestsum/releases/assets/291996834"

[tools.gotestsum."platforms.linux-arm64-musl"]
checksum = "sha256:7644a4c5cd1bb978d56245aeab25a586ac5ac62adebed20a399548867c13499d"
url = "https://github.com/gotestyourself/gotestsum/releases/download/v1.13.0/gotestsum_1.13.0_linux_arm64.tar.gz"
url_api = "https://api.github.com/repos/gotestyourself/gotestsum/releases/assets/291996834"

[tools.gotestsum."platforms.linux-x64"]
checksum = "sha256:11ccddeaf708ef228889f9fe2f68291a75b27013ddfc3b18156e094f5f40e8ee"
url = "https://github.com/gotestyourself/gotestsum/releases/download/v1.13.0/gotestsum_1.13.0_linux_amd64.tar.gz"
url_api = "https://api.github.com/repos/gotestyourself/gotestsum/releases/assets/291996833"

[tools.gotestsum."platforms.linux-x64-musl"]
checksum = "sha256:11ccddeaf708ef228889f9fe2f68291a75b27013ddfc3b18156e094f5f40e8ee"
url = "https://github.com/gotestyourself/gotestsum/releases/download/v1.13.0/gotestsum_1.13.0_linux_amd64.tar.gz"
url_api = "https://api.github.com/repos/gotestyourself/gotestsum/releases/assets/291996833"

[tools.gotestsum."platforms.macos-arm64"]
checksum = "sha256:509cb27aef747f48faf9bce424f59dcf79572c905204b990ee935bbfcc7fa0e9"
url = "https://github.com/gotestyourself/gotestsum/releases/download/v1.13.0/gotestsum_1.13.0_darwin_arm64.tar.gz"
url_api = "https://api.github.com/repos/gotestyourself/gotestsum/releases/assets/291996838"

[tools.gotestsum."platforms.macos-x64"]
checksum = "sha256:99529350f4c7b780b1efc543ca0d9721b09f0a4228f0efa9281261f58fefa05a"
url = "https://github.com/gotestyourself/gotestsum/releases/download/v1.13.0/gotestsum_1.13.0_darwin_amd64.tar.gz"
url_api = "https://api.github.com/repos/gotestyourself/gotestsum/releases/assets/291996829"

[tools.gotestsum."platforms.windows-x64"]
checksum = "sha256:fd5a6dc69e46a0970593e70d85a7e75f16714e9c61d6d72ccc324eb82df5bb8a"
url = "https://github.com/gotestyourself/gotestsum/releases/download/v1.13.0/gotestsum_1.13.0_windows_amd64.tar.gz"
url_api = "https://api.github.com/repos/gotestyourself/gotestsum/releases/assets/291996823"

[[tools.mockery]]
version = "3.8.0"
backend = "aqua:vektra/mockery"

[tools.mockery."platforms.linux-arm64"]
checksum = "sha256:db306d9d9cbcceb78b169e0730bcc7db26d85a03bd200be62cc70c932e4f536a"
url = "https://github.com/vektra/mockery/releases/download/v3.8.0/mockery_3.8.0_Linux_arm64.tar.gz"
url_api = "https://api.github.com/repos/vektra/mockery/releases/assets/551897283"

[tools.mockery."platforms.linux-arm64-musl"]
checksum = "sha256:db306d9d9cbcceb78b169e0730bcc7db26d85a03bd200be62cc70c932e4f536a"
url = "https://github.com/vektra/mockery/releases/download/v3.8.0/mockery_3.8.0_Linux_arm64.tar.gz"
url_api = "https://api.github.com/repos/vektra/mockery/releases/assets/551897283"

[tools.mockery."platforms.linux-x64"]
checksum = "sha256:ba8697cf5cf7164756afca371c247088980e4be7ded133e50536d8ae5c893a9a"
url = "https://github.com/vektra/mockery/releases/download/v3.8.0/mockery_3.8.0_Linux_x86_64.tar.gz"
url_api = "https://api.github.com/repos/vektra/mockery/releases/assets/551897257"

[tools.mockery."platforms.linux-x64-musl"]
checksum = "sha256:ba8697cf5cf7164756afca371c247088980e4be7ded133e50536d8ae5c893a9a"
url = "https://github.com/vektra/mockery/releases/download/v3.8.0/mockery_3.8.0_Linux_x86_64.tar.gz"
url_api = "https://api.github.com/repos/vektra/mockery/releases/assets/551897257"

[tools.mockery."platforms.macos-arm64"]
checksum = "sha256:4830c454dc4bff7c59a5d6fde67ea45fcf94e22344fbe1d9992fb7f2ffd5e5ff"
url = "https://github.com/vektra/mockery/releases/download/v3.8.0/mockery_3.8.0_Darwin_arm64.tar.gz"
url_api = "https://api.github.com/repos/vektra/mockery/releases/assets/551897258"

[tools.mockery."platforms.macos-x64"]
checksum = "sha256:4e6edbf2e714cf8793d396566aa760efc63931f91445114983bdcb75c0558f19"
url = "https://github.com/vektra/mockery/releases/download/v3.8.0/mockery_3.8.0_Darwin_x86_64.tar.gz"
url_api = "https://api.github.com/repos/vektra/mockery/releases/assets/551897256"

[tools.mockery."platforms.windows-x64"]
checksum = "sha256:c5883e601c6652c912e7260dc864a7f2abf2bbff0aa34dd13c69c54073971dc7"
url = "https://github.com/vektra/mockery/releases/download/v3.8.0/mockery_3.8.0_Windows_x86_64.tar.gz"
url_api = "https://api.github.com/repos/vektra/mockery/releases/assets/551897285"

[[tools.node]]
version = "24.21.0"
backend = "core:node"

[tools.node."platforms.linux-arm64"]
checksum = "sha256:724282c3b43aec998aa9527380465b45d229e021b58035f5f4f63095eabfe5d5"
url = "https://nodejs.org/dist/v24.21.0/node-v24.21.0-linux-arm64.tar.gz"

[tools.node."platforms.linux-arm64-musl"]
checksum = "sha256:3048b0811e158ca0d8672b59c839861763e144492980d8d29b369dfee45747e4"
url = "https://unofficial-builds.nodejs.org/download/release/v24.21.0/node-v24.21.0-linux-arm64-musl.tar.gz"

[tools.node."platforms.linux-x64"]
checksum = "sha256:6e1db87ef58b8819e5d5402eff1536491b18edd8eb7bee5ef7897876e88dc5ff"
url = "https://nodejs.org/dist/v24.21.0/node-v24.21.0-linux-x64.tar.gz"

[tools.node."platforms.linux-x64-musl"]
checksum = "sha256:01a713e34da98e7b4d2a3191ee7ca3f93dd0384d1a2ef23c379b2161ee6e133a"
url = "https://unofficial-builds.nodejs.org/download/release/v24.21.0/node-v24.21.0-linux-x64-musl.tar.gz"

[tools.node."platforms.macos-arm64"]
checksum = "sha256:bed7eea5325e1108f32ce5228ddd6a5f0f08a499ee42aa7442aea583702f6057"
url = "https://nodejs.org/dist/v24.21.0/node-v24.21.0-darwin-arm64.tar.gz"

[tools.node."platforms.macos-x64"]
checksum = "sha256:1462cb3b3046b815cf8ea436d3da450ec1a9f11dac7e5a46b0ada5305d7e8097"
url = "https://nodejs.org/dist/v24.21.0/node-v24.21.0-darwin-x64.tar.gz"

[tools.node."platforms.windows-x64"]
checksum = "sha256:158f7685b44de51f6c0df1d153526cbcd3e1bc739a8dfc607721cef75de9e541"
url = "https://nodejs.org/dist/v24.21.0/node-v24.21.0-win-x64.zip"

[[tools.pnpm]]
version = "12.11.2"
backend = "aqua:pnpm/pnpm"

[tools.pnpm."platforms.linux-arm64"]
checksum = "sha256:ad444fa06d7ff344d74ba1e4933f2ed71cc6357cc2d33707a5c60958b7d83085"
url = "https://github.com/pnpm/pnpm/releases/download/v12.11.2/pnpm-linux-arm64.tar.gz"
url_api = "https://api.github.com/repos/pnpm/pnpm/releases/assets/625613171"
provenance = "github-attestations"

[tools.pnpm."platforms.linux-arm64-musl"]
checksum = "sha256:abf111d90e1ab8bc1485f853bf83f6e86b028ab5badc393203014e50c4a1cf7d"
url = "https://github.com/pnpm/pnpm/releases/download/v12.11.2/pnpm-linux-arm64-musl.tar.gz"
url_api = "https://api.github.com/repos/pnpm/pnpm/releases/assets/625613170"
provenance = "github-attestations"

[tools.pnpm."platforms.linux-x64"]
checksum = "sha256:358f30541b42371360c0d48a8daddc0c0850a90c36fcbea598032a9850e2c9ab"
url = "https://github.com/pnpm/pnpm/releases/download/v12.11.2/pnpm-linux-x64.tar.gz"
url_api = "https://api.github.com/repos/pnpm/pnpm/releases/assets/625613177"
provenance = "github-attestations"

[tools.pnpm."platforms.linux-x64-musl"]
checksum = "sha256:64e35fe0854494dc56c24311d97f13cfe73fcfd8e3cb65b7c0f5c359da6a0fd8"
url = "https://github.com/pnpm/pnpm/releases/download/v12.11.2/pnpm-linux-x64-musl.tar.gz"
url_api = "https://api.github.com/repos/pnpm/pnpm/releases/assets/625613182"
provenance = "github-attestations"

[tools.pnpm."platforms.macos-arm64"]
checksum = "sha256:2f4701dbd4a7b81827789e94225272355fcc17c4eb9f5add08ed26f943003b67"
url = "https://github.com/pnpm/pnpm/releases/download/v12.11.2/pnpm-darwin-arm64.tar.gz"
url_api = "https://api.github.com/repos/pnpm/pnpm/releases/assets/625613178"
provenance = "github-attestations"

[tools.pnpm."platforms.macos-x64"]
checksum = "sha256:409f9754f68500719db9b17bd750d091790f1d846f61707b4716c73110f5de52"
url = "https://github.com/pnpm/pnpm/releases/download/v12.11.2/pnpm-darwin-x64.tar.gz"
url_api = "https://api.github.com/repos/pnpm/pnpm/releases/assets/625613179"
provenance = "github-attestations"

[tools.pnpm."platforms.windows-x64"]
checksum = "sha256:66cac6b725bfc75fadac959fc435821048558adb50b89c82d0d2d5e57465a1dd"
url = "https://github.com/pnpm/pnpm/releases/download/v12.11.2/pnpm-win32-x64.zip"
url_api = "https://api.github.com/repos/pnpm/pnpm/releases/assets/625613173"
provenance = "github-attestations"
