# @generated - this file is auto-generated by `mise lock` https://mise.en.dev/dev-tools/mise-lock.html

[[tools.go]]
version = "1.27.1"
backend = "core:go"

[tools.go."platforms.linux-arm64"]
checksum = "sha256:3450b45a3f9ee8568792736a5c5e70a1f2e9b36c35a8f74958c03e51d7d92bec"
url = "https://dl.google.com/go/go1.27.1.linux-arm64.tar.gz"

[tools.go."platforms.linux-arm64-musl"]
checksum = "sha256:3450b45a3f9ee8568792736a5c5e70a1f2e9b36c35a8f74958c03e51d7d92bec"
url = "https://dl.google.com/go/go1.27.1.linux-arm64.tar.gz"

[tools.go."platforms.linux-x64"]
checksum = "sha256:63d339f0da5ab53635a56f2490a7984dfe12dfcff22ad749f63edaf590168445"
url = "https://dl.google.com/go/go1.27.1.linux-amd64.tar.gz"

[tools.go."platforms.linux-x64-musl"]
checksum = "sha256:63d339f0da5ab53635a56f2490a7984dfe12dfcff22ad749f63edaf590168445"
url = "https://dl.google.com/go/go1.27.1.linux-amd64.tar.gz"

[tools.go."platforms.macos-arm64"]
checksum = "sha256:ee215d57e0ec269c60cc9ceca68e6bda321ba9ee5afe24f4b0988703c2d87d12"
url = "https://dl.google.com/go/go1.27.1.darwin-arm64.tar.gz"

[tools.go."platforms.macos-x64"]
checksum = "sha256:8f8f52c6649542cf027bbc9b9c68d1ec042f9f34808a40413f0b8b3f66f3caa4"
url = "https://dl.google.com/go/go1.27.1.darwin-amd64.tar.gz"

[tools.go."platforms.windows-x64"]
checksum = "sha256:a3911b5e0e1b1053f25ed0675f4c1c6aad1e2bfcf253df2b9be4caabd2edd95d"
url = "https://dl.google.com/go/go1.27.1.windows-amd64.zip"

[[tools."go:golang.org/x/exp/cmd/gorelease"]]
version = "0.0.0-20260603202125-055de637280b"
backend = "go:golang.org/x/exp/cmd/gorelease"

[[tools.golangci-lint]]
version = "2.13.2"
backend = "aqua:golangci/golangci-lint"

[tools.golangci-lint."platforms.linux-arm64"]
checksum = "sha256:a2a4e0065aa41be71f7c5ac90f271b61751331e5d04314e62afe4027855f0893"
url = "https://github.com/golangci/golangci-lint/releases/download/v2.13.2/golangci-lint-2.13.2-linux-arm64.tar.gz"
url_api = "https://api.github.com/repos/golangci/golangci-lint/releases/assets/532995442"
provenance = "github-attestations"

[tools.golangci-lint."platforms.linux-arm64-musl"]
checksum = "sha256:a2a4e0065aa41be71f7c5ac90f271b61751331e5d04314e62afe4027855f0893"
url = "https://github.com/golangci/golangci-lint/releases/download/v2.13.2/golangci-lint-2.13.2-linux-arm64.tar.gz"
url_api = "https://api.github.com/repos/golangci/golangci-lint/releases/assets/532995442"
provenance = "github-attestations"

[tools.golangci-lint."platforms.linux-x64"]
checksum = "sha256:2277d43b98ec0054280f2ac26b53268bae97682444678a59a657dd565da021d6"
url = "https://github.com/golangci/golangci-lint/releases/download/v2.13.2/golangci-lint-2.13.2-linux-amd64.tar.gz"
url_api = "https://api.github.com/repos/golangci/golangci-lint/releases/assets/532995333"
provenance = "github-attestations"

[tools.golangci-lint."platforms.linux-x64-musl"]
checksum = "sha256:2277d43b98ec0054280f2ac26b53268bae97682444678a59a657dd565da021d6"
url = "https://github.com/golangci/golangci-lint/releases/download/v2.13.2/golangci-lint-2.13.2-linux-amd64.tar.gz"
url_api = "https://api.github.com/repos/golangci/golangci-lint/releases/assets/532995333"
provenance = "github-attestations"

[tools.golangci-lint."platforms.macos-arm64"]
checksum = "sha256:f4bf83f0b64f055c42b28fc9a38861839f69c096e61c788e72dfaae412011789"
url = "https://github.com/golangci/golangci-lint/releases/download/v2.13.2/golangci-lint-2.13.2-darwin-arm64.tar.gz"
url_api = "https://api.github.com/repos/golangci/golangci-lint/releases/assets/532995398"
provenance = "github-attestations"

[tools.golangci-lint."platforms.macos-x64"]
checksum = "sha256:8a13aaf9cbbb1dee52824e862cf0d0720e5bb97c1f4260d1e51623a09492b57b"
url = "https://github.com/golangci/golangci-lint/releases/download/v2.13.2/golangci-lint-2.13.2-darwin-amd64.tar.gz"
url_api = "https://api.github.com/repos/golangci/golangci-lint/releases/assets/532995222"
provenance = "github-attestations"

[tools.golangci-lint."platforms.windows-x64"]
checksum = "sha256:4735fdc8e84a0cfb7a15a1c364a650942f88215e0d36c674ebc4024f7b554524"
url = "https://github.com/golangci/golangci-lint/releases/download/v2.13.2/golangci-lint-2.13.2-windows-amd64.zip"
url_api = "https://api.github.com/repos/golangci/golangci-lint/releases/assets/532995335"
provenance = "github-attestations"

[[tools.goreleaser]]
version = "2.18.2"
backend = "aqua:goreleaser/goreleaser"

[tools.goreleaser."platforms.linux-arm64"]
checksum = "sha256:a71681b29194f08f057a68cfcaa5c6b15d907a83a2622c51900c4faff828f322"
url = "https://github.com/goreleaser/goreleaser/releases/download/v2.18.2/goreleaser_Linux_arm64.tar.gz"
url_api = "https://api.github.com/repos/goreleaser/goreleaser/releases/assets/569382435"
provenance = "github-attestations"

[tools.goreleaser."platforms.linux-arm64-musl"]
checksum = "sha256:a71681b29194f08f057a68cfcaa5c6b15d907a83a2622c51900c4faff828f322"
url = "https://github.com/goreleaser/goreleaser/releases/download/v2.18.2/goreleaser_Linux_arm64.tar.gz"
url_api = "https://api.github.com/repos/goreleaser/goreleaser/releases/assets/569382435"
provenance = "github-attestations"

[tools.goreleaser."platforms.linux-x64"]
checksum = "sha256:0a96edc9d9bc594e4a41cc4d59467c182062910ab24d9d1f6dd7b667d32606d3"
url = "https://github.com/goreleaser/goreleaser/releases/download/v2.18.2/goreleaser_Linux_x86_64.tar.gz"
url_api = "https://api.github.com/repos/goreleaser/goreleaser/releases/assets/569382334"
provenance = "github-attestations"

[tools.goreleaser."platforms.linux-x64-musl"]
checksum = "sha256:0a96edc9d9bc594e4a41cc4d59467c182062910ab24d9d1f6dd7b667d32606d3"
url = "https://github.com/goreleaser/goreleaser/releases/download/v2.18.2/goreleaser_Linux_x86_64.tar.gz"
url_api = "https://api.github.com/repos/goreleaser/goreleaser/releases/assets/569382334"
provenance = "github-attestations"

[tools.goreleaser."platforms.macos-arm64"]
checksum = "sha256:4bfd26942aa0f78e275cad3e49144a7c5ce2e8a34f7d0e9d34c718125766ba12"
url = "https://github.com/goreleaser/goreleaser/releases/download/v2.18.2/goreleaser_Darwin_all.tar.gz"
url_api = "https://api.github.com/repos/goreleaser/goreleaser/releases/assets/569382437"
provenance = "github-attestations"

[tools.goreleaser."platforms.macos-x64"]
checksum = "sha256:4bfd26942aa0f78e275cad3e49144a7c5ce2e8a34f7d0e9d34c718125766ba12"
url = "https://github.com/goreleaser/goreleaser/releases/download/v2.18.2/goreleaser_Darwin_all.tar.gz"
url_api = "https://api.github.com/repos/goreleaser/goreleaser/releases/assets/569382437"
provenance = "github-attestations"

[tools.goreleaser."platforms.windows-x64"]
checksum = "sha256:de61a8e7a064abb14210b16c942facd299643d83341c5cd293f19155a7c8b95f"
url = "https://github.com/goreleaser/goreleaser/releases/download/v2.18.2/goreleaser_Windows_x86_64.zip"
url_api = "https://api.github.com/repos/goreleaser/goreleaser/releases/assets/569382470"
provenance = "github-attestations"

[[tools.gotestsum]]
version = "1.13.0"
backend = "aqua:gotestyourself/gotestsum"

[tools.gotestsum."platforms.linux-arm64"]
checksum = "sha256:7644a4c5cd1bb978d56245aeab25a586ac5ac62adebed20a399548867c13499d"
url = "https://github.com/gotestyourself/gotestsum/releases/download/v1.13.0/gotestsum_1.13.0_linux_arm64.tar.gz"
url_api = "https://api.github.com/repos/gotestyourself/gotestsum/releases/assets/291996834"

[tools.gotestsum."platforms.linux-arm64-musl"]
checksum = "sha256:7644a4c5cd1bb978d56245aeab25a586ac5ac62adebed20a399548867c13499d"
url = "https://github.com/gotestyourself/gotestsum/releases/download/v1.13.0/gotestsum_1.13.0_linux_arm64.tar.gz"
url_api = "https://api.github.com/repos/gotestyourself/gotestsum/releases/assets/291996834"

[tools.gotestsum."platforms.linux-x64"]
checksum = "sha256:11ccddeaf708ef228889f9fe2f68291a75b27013ddfc3b18156e094f5f40e8ee"
url = "https://github.com/gotestyourself/gotestsum/releases/download/v1.13.0/gotestsum_1.13.0_linux_amd64.tar.gz"
url_api = "https://api.github.com/repos/gotestyourself/gotestsum/releases/assets/291996833"

[tools.gotestsum."platforms.linux-x64-musl"]
checksum = "sha256:11ccddeaf708ef228889f9fe2f68291a75b27013ddfc3b18156e094f5f40e8ee"
url = "https://github.com/gotestyourself/gotestsum/releases/download/v1.13.0/gotestsum_1.13.0_linux_amd64.tar.gz"
url_api = "https://api.github.com/repos/gotestyourself/gotestsum/releases/assets/291996833"

[tools.gotestsum."platforms.macos-arm64"]
checksum = "sha256:509cb27aef747f48faf9bce424f59dcf79572c905204b990ee935bbfcc7fa0e9"
url = "https://github.com/gotestyourself/gotestsum/releases/download/v1.13.0/gotestsum_1.13.0_darwin_arm64.tar.gz"
url_api = "https://api.github.com/repos/gotestyourself/gotestsum/releases/assets/291996838"

[tools.gotestsum."platforms.macos-x64"]
checksum = "sha256:99529350f4c7b780b1efc543ca0d9721b09f0a4228f0efa9281261f58fefa05a"
url = "https://github.com/gotestyourself/gotestsum/releases/download/v1.13.0/gotestsum_1.13.0_darwin_amd64.tar.gz"
url_api = "https://api.github.com/repos/gotestyourself/gotestsum/releases/assets/291996829"

[tools.gotestsum."platforms.windows-x64"]
checksum = "sha256:fd5a6dc69e46a0970593e70d85a7e75f16714e9c61d6d72ccc324eb82df5bb8a"
url = "https://github.com/gotestyourself/gotestsum/releases/download/v1.13.0/gotestsum_1.13.0_windows_amd64.tar.gz"
url_api = "https://api.github.com/repos/gotestyourself/gotestsum/releases/assets/291996823"

[[tools.mockery]]
version = "3.8.0"
backend = "aqua:vektra/mockery"

[tools.mockery."platforms.linux-arm64"]
checksum = "sha256:db306d9d9cbcceb78b169e0730bcc7db26d85a03bd200be62cc70c932e4f536a"
url = "https://github.com/vektra/mockery/releases/download/v3.8.0/mockery_3.8.0_Linux_arm64.tar.gz"
url_api = "https://api.github.com/repos/vektra/mockery/releases/assets/551897283"

[tools.mockery."platforms.linux-arm64-musl"]
checksum = "sha256:db306d9d9cbcceb78b169e0730bcc7db26d85a03bd200be62cc70c932e4f536a"
url = "https://github.com/vektra/mockery/releases/download/v3.8.0/mockery_3.8.0_Linux_arm64.tar.gz"
url_api = "https://api.github.com/repos/vektra/mockery/releases/assets/551897283"

[tools.mockery."platforms.linux-x64"]
checksum = "sha256:ba8697cf5cf7164756afca371c247088980e4be7ded133e50536d8ae5c893a9a"
url = "https://github.com/vektra/mockery/releases/download/v3.8.0/mockery_3.8.0_Linux_x86_64.tar.gz"
url_api = "https://api.github.com/repos/vektra/mockery/releases/assets/551897257"

[tools.mockery."platforms.linux-x64-musl"]
checksum = "sha256:ba8697cf5cf7164756afca371c247088980e4be7ded133e50536d8ae5c893a9a"
url = "https://github.com/vektra/mockery/releases/download/v3.8.0/mockery_3.8.0_Linux_x86_64.tar.gz"
url_api = "https://api.github.com/repos/vektra/mockery/releases/assets/551897257"

[tools.mockery."platforms.macos-arm64"]
checksum = "sha256:4830c454dc4bff7c59a5d6fde67ea45fcf94e22344fbe1d9992fb7f2ffd5e5ff"
url = "https://github.com/vektra/mockery/releases/download/v3.8.0/mockery_3.8.0_Darwin_arm64.tar.gz"
url_api = "https://api.github.com/repos/vektra/mockery/releases/assets/551897258"

[tools.mockery."platforms.macos-x64"]
checksum = "sha256:4e6edbf2e714cf8793d396566aa760efc63931f91445114983bdcb75c0558f19"
url = "https://github.com/vektra/mockery/releases/download/v3.8.0/mockery_3.8.0_Darwin_x86_64.tar.gz"
url_api = "https://api.github.com/repos/vektra/mockery/releases/assets/551897256"

[tools.mockery."platforms.windows-x64"]
checksum = "sha256:c5883e601c6652c912e7260dc864a7f2abf2bbff0aa34dd13c69c54073971dc7"
url = "https://github.com/vektra/mockery/releases/download/v3.8.0/mockery_3.8.0_Windows_x86_64.tar.gz"
url_api = "https://api.github.com/repos/vektra/mockery/releases/assets/551897285"

[[tools.node]]
version = "24.21.0"
backend = "core:node"

[tools.node."platforms.linux-arm64"]
checksum = "sha256:724282c3b43aec998aa9527380465b45d229e021b58035f5f4f63095eabfe5d5"
url = "https://nodejs.org/dist/v24.21.0/node-v24.21.0-linux-arm64.tar.gz"

[tools.node."platforms.linux-arm64-musl"]
checksum = "sha256:3048b0811e158ca0d8672b59c839861763e144492980d8d29b369dfee45747e4"
url = "https://unofficial-builds.nodejs.org/download/release/v24.21.0/node-v24.21.0-linux-arm64-musl.tar.gz"

[tools.node."platforms.linux-x64"]
checksum = "sha256:6e1db87ef58b8819e5d5402eff1536491b18edd8eb7bee5ef7897876e88dc5ff"
url = "https://nodejs.org/dist/v24.21.0/node-v24.21.0-linux-x64.tar.gz"

[tools.node."platforms.linux-x64-musl"]
checksum = "sha256:01a713e34da98e7b4d2a3191ee7ca3f93dd0384d1a2ef23c379b2161ee6e133a"
url = "https://unofficial-builds.nodejs.org/download/release/v24.21.0/node-v24.21.0-linux-x64-musl.tar.gz"

[tools.node."platforms.macos-arm64"]
checksum = "sha256:bed7eea5325e1108f32ce5228ddd6a5f0f08a499ee42aa7442aea583702f6057"
url = "https://nodejs.org/dist/v24.21.0/node-v24.21.0-darwin-arm64.tar.gz"

[tools.node."platforms.macos-x64"]
checksum = "sha256:1462cb3b3046b815cf8ea436d3da450ec1a9f11dac7e5a46b0ada5305d7e8097"
url = "https://nodejs.org/dist/v24.21.0/node-v24.21.0-darwin-x64.tar.gz"

[tools.node."platforms.windows-x64"]
checksum = "sha256:158f7685b44de51f6c0df1d153526cbcd3e1bc739a8dfc607721cef75de9e541"
url = "https://nodejs.org/dist/v24.21.0/node-v24.21.0-win-x64.zip"

[[tools.pnpm]]
version = "12.4.2"
backend = "aqua:pnpm/pnpm"

[tools.pnpm."platforms.linux-arm64"]
checksum = "sha256:dc4a29d9848ef005bec3d36d49aae84b115ec3b18c110a3a7f33c37f7fd520bf"
url = "https://github.com/pnpm/pnpm/releases/download/v12.4.2/pnpm-linux-arm64.tar.gz"
url_api = "https://api.github.com/repos/pnpm/pnpm/releases/assets/565468071"
provenance = "github-attestations"

[tools.pnpm."platforms.linux-arm64-musl"]
checksum = "sha256:bf7597812c814030e759c20691dab88a1b271f495576fdbc4dae568458367105"
url = "https://github.com/pnpm/pnpm/releases/download/v12.4.2/pnpm-linux-arm64-musl.tar.gz"
url_api = "https://api.github.com/repos/pnpm/pnpm/releases/assets/565468074"
provenance = "github-attestations"

[tools.pnpm."platforms.linux-x64"]
checksum = "sha256:ce1ed690fe9c2f091d7267e1afbe9380abb08bb577e95348fda194a41147d2ec"
url = "https://github.com/pnpm/pnpm/releases/download/v12.4.2/pnpm-linux-x64.tar.gz"
url_api = "https://api.github.com/repos/pnpm/pnpm/releases/assets/565468079"
provenance = "github-attestations"

[tools.pnpm."platforms.linux-x64-musl"]
checksum = "sha256:5ac22f6d1da756482490a10b3be1b929a62fa1022a5b034b37856fab609cbd6c"
url = "https://github.com/pnpm/pnpm/releases/download/v12.4.2/pnpm-linux-x64-musl.tar.gz"
url_api = "https://api.github.com/repos/pnpm/pnpm/releases/assets/565468072"
provenance = "github-attestations"

[tools.pnpm."platforms.macos-arm64"]
checksum = "sha256:5aae95a95f0a98f9372dee7d1797386011fa6571b06b82554c7c7847d201308e"
url = "https://github.com/pnpm/pnpm/releases/download/v12.4.2/pnpm-darwin-arm64.tar.gz"
url_api = "https://api.github.com/repos/pnpm/pnpm/releases/assets/565468070"
provenance = "github-attestations"

[tools.pnpm."platforms.macos-x64"]
checksum = "sha256:5fa3d19ad1a637d414bc3588730666f947642ada307bf52eee3997192f115d75"
url = "https://github.com/pnpm/pnpm/releases/download/v12.4.2/pnpm-darwin-x64.tar.gz"
url_api = "https://api.github.com/repos/pnpm/pnpm/releases/assets/565468080"
provenance = "github-attestations"

[tools.pnpm."platforms.windows-x64"]
checksum = "sha256:da35e3f401674646968243b0aa1984e910d94de735e04936db22e7554791518d"
url = "https://github.com/pnpm/pnpm/releases/download/v12.4.2/pnpm-win32-x64.zip"
url_api = "https://api.github.com/repos/pnpm/pnpm/releases/assets/565468081"
provenance = "github-attestations"
