{
  "name": "@go-task/cli",
  "version": "3.22.0",
  "lockfileVersion": 2,
  "requires": true,
  "packages": {
    "": {
      "name": "@go-task/cli",
      "version": "3.22.0",
      "hasInstallScript": true,
      "license": "MIT",
      "dependencies": {
        "@go-task/go-npm": "^0.1.17"
      }
    },
    "node_modules/@go-task/go-npm": {
      "version": "0.1.17",
      "resolved": "https://registry.npmjs.org/@go-task/go-npm/-/go-npm-0.1.17.tgz",
      "integrity": "sha512-j+xydQWrAxsqLYjweok1fWzDmBAA1g/gmFbPyG8kRI/d/+rzXGGLlro8zdS6mJ3Is+8BrIy2ZBmQkoONhowh7A==",
      "bin": {
        "go-npm": "bin/index.js"
      }
    }
  },
  "dependencies": {
    "@go-task/go-npm": {
      "version": "0.1.17",
      "resolved": "https://registry.npmjs.org/@go-task/go-npm/-/go-npm-0.1.17.tgz",
      "integrity": "sha512-j+xydQWrAxsqLYjweok1fWzDmBAA1g/gmFbPyG8kRI/d/+rzXGGLlro8zdS6mJ3Is+8BrIy2ZBmQkoONhowh7A=="
    }
  }
}
