{
  "name": "@go-task/cli",
  "version": "3.26.0",
  "lockfileVersion": 2,
  "requires": true,
  "packages": {
    "": {
      "name": "@go-task/cli",
      "version": "3.25.0",
      "hasInstallScript": true,
      "license": "MIT",
      "dependencies": {
        "@go-task/go-npm": "^0.1.17"
      }
    },
    "node_modules/@go-task/go-npm": {
      "version": "0.1.18",
      "resolved": "https://registry.npmjs.org/@go-task/go-npm/-/go-npm-0.1.18.tgz",
      "integrity": "sha512-7Y/sfNgDflsEIpm7+XGnSIZknykn20EwV5ebKNXyK4QKFMu5i7h7W3xjXgY7e4hwiV33uxpcSfOvUX0v9PGZrQ==",
      "bin": {
        "go-npm": "bin/index.js"
      }
    }
  },
  "dependencies": {
    "@go-task/go-npm": {
      "version": "0.1.18",
      "resolved": "https://registry.npmjs.org/@go-task/go-npm/-/go-npm-0.1.18.tgz",
      "integrity": "sha512-7Y/sfNgDflsEIpm7+XGnSIZknykn20EwV5ebKNXyK4QKFMu5i7h7W3xjXgY7e4hwiV33uxpcSfOvUX0v9PGZrQ=="
    }
  }
}
