{
  "name": "@go-task/cli",
  "version": "3.18.0",
  "lockfileVersion": 2,
  "requires": true,
  "packages": {
    "": {
      "name": "@go-task/cli",
      "version": "3.18.0",
      "hasInstallScript": true,
      "license": "MIT",
      "dependencies": {
        "@go-task/go-npm": "^0.1.16"
      }
    },
    "node_modules/@go-task/go-npm": {
      "version": "0.1.16",
      "resolved": "https://registry.npmjs.org/@go-task/go-npm/-/go-npm-0.1.16.tgz",
      "integrity": "sha512-Al7m7XiF50Pm8TRE2FtvUXyuxybIzWZGKfijFwOyKI8AJAaeQHol5j4qmNo6LAFQ+moQFvuSKeLkXqSBX00Z/g==",
      "bin": {
        "go-npm": "bin/index.js"
      }
    }
  },
  "dependencies": {
    "@go-task/go-npm": {
      "version": "0.1.16",
      "resolved": "https://registry.npmjs.org/@go-task/go-npm/-/go-npm-0.1.16.tgz",
      "integrity": "sha512-Al7m7XiF50Pm8TRE2FtvUXyuxybIzWZGKfijFwOyKI8AJAaeQHol5j4qmNo6LAFQ+moQFvuSKeLkXqSBX00Z/g=="
    }
  }
}
